
Microsoft Visual Studio Solution File, Format Version 12.00
# Visual Studio Version 16
VisualStudioVersion = 16.0.31005.135
MinimumVisualStudioVersion = 10.0.40219.1
Project("{9A19103F-16F7-4668-BE54-9A1E7A4F7556}") = "solution", "solution.csproj", "{16CCDA95-A64B-4CDE-956D-960F9C04D376}"
EndProject
Global
	GlobalSection(SolutionConfigurationPlatforms) = preSolution
		Debug|Any CPU = Debug|Any CPU
		Release|Any CPU = Release|Any CPU
	EndGlobalSection
	GlobalSection(ProjectConfigurationPlatforms) = postSolution
		{16CCDA95-A64B-4CDE-956D-960F9C04D376}.Debug|Any CPU.ActiveCfg = Debug|Any CPU
		{16CCDA95-A64B-4CDE-956D-960F9C04D376}.Debug|Any CPU.Build.0 = Debug|Any CPU
		{16CCDA95-A64B-4CDE-956D-960F9C04D376}.Release|Any CPU.ActiveCfg = Release|Any CPU
		{16CCDA95-A64B-4CDE-956D-960F9C04D376}.Release|Any CPU.Build.0 = Release|Any CPU
	EndGlobalSection
	GlobalSection(SolutionProperties) = preSolution
		HideSolutionNode = FALSE
	EndGlobalSection
	GlobalSection(ExtensibilityGlobals) = postSolution
		SolutionGuid = {37AAB826-846B-44D4-87FA-6DF81EB460B8}
	EndGlobalSection
EndGlobal
